
Microsoft Visual Studio Solution File, Format Version 12.00
# Visual Studio Version 17
VisualStudioVersion = 17.5.33318.248
MinimumVisualStudioVersion = 10.0.40219.1
Project("{FAE04EC0-301F-11D3-BF4B-00C04F79EFBC}") = "HMO.Services", "HMO.Services\HMO.Services.csproj", "{67287062-0298-475E-9155-5E2E7A53F37E}"
EndProject
Project("{FAE04EC0-301F-11D3-BF4B-00C04F79EFBC}") = "HMO.Repositories", "HMO.Repositories\HMO.Repositories.csproj", "{B38CDCFB-50F3-4209-8D03-74FF3C484483}"
EndProject
Project("{FAE04EC0-301F-11D3-BF4B-00C04F79EFBC}") = "HMO.Common", "HMO.Common\HMO.Common.csproj", "{DFD51EA7-BF32-4D8D-9867-0C06C6436F57}"
EndProject
Project("{FAE04EC0-301F-11D3-BF4B-00C04F79EFBC}") = "HMO.Context", "HMO.Context\HMO.Context.csproj", "{567C40F6-C648-4572-84F1-1B670031C260}"
EndProject
Project("{FAE04EC0-301F-11D3-BF4B-00C04F79EFBC}") = "HMO.WebAPI", "HMO.WebAPI\HMO.WebAPI.csproj", "{E34A0E61-F607-480A-AD12-C1E9D1F0E244}"
EndProject
Global
	GlobalSection(SolutionConfigurationPlatforms) = preSolution
		Debug|Any CPU = Debug|Any CPU
		Release|Any CPU = Release|Any CPU
	EndGlobalSection
	GlobalSection(ProjectConfigurationPlatforms) = postSolution
		{67287062-0298-475E-9155-5E2E7A53F37E}.Debug|Any CPU.ActiveCfg = Debug|Any CPU
		{67287062-0298-475E-9155-5E2E7A53F37E}.Debug|Any CPU.Build.0 = Debug|Any CPU
		{67287062-0298-475E-9155-5E2E7A53F37E}.Release|Any CPU.ActiveCfg = Release|Any CPU
		{67287062-0298-475E-9155-5E2E7A53F37E}.Release|Any CPU.Build.0 = Release|Any CPU
		{B38CDCFB-50F3-4209-8D03-74FF3C484483}.Debug|Any CPU.ActiveCfg = Debug|Any CPU
		{B38CDCFB-50F3-4209-8D03-74FF3C484483}.Debug|Any CPU.Build.0 = Debug|Any CPU
		{B38CDCFB-50F3-4209-8D03-74FF3C484483}.Release|Any CPU.ActiveCfg = Release|Any CPU
		{B38CDCFB-50F3-4209-8D03-74FF3C484483}.Release|Any CPU.Build.0 = Release|Any CPU
		{DFD51EA7-BF32-4D8D-9867-0C06C6436F57}.Debug|Any CPU.ActiveCfg = Debug|Any CPU
		{DFD51EA7-BF32-4D8D-9867-0C06C6436F57}.Debug|Any CPU.Build.0 = Debug|Any CPU
		{DFD51EA7-BF32-4D8D-9867-0C06C6436F57}.Release|Any CPU.ActiveCfg = Release|Any CPU
		{DFD51EA7-BF32-4D8D-9867-0C06C6436F57}.Release|Any CPU.Build.0 = Release|Any CPU
		{567C40F6-C648-4572-84F1-1B670031C260}.Debug|Any CPU.ActiveCfg = Debug|Any CPU
		{567C40F6-C648-4572-84F1-1B670031C260}.Debug|Any CPU.Build.0 = Debug|Any CPU
		{567C40F6-C648-4572-84F1-1B670031C260}.Release|Any CPU.ActiveCfg = Release|Any CPU
		{567C40F6-C648-4572-84F1-1B670031C260}.Release|Any CPU.Build.0 = Release|Any CPU
		{E34A0E61-F607-480A-AD12-C1E9D1F0E244}.Debug|Any CPU.ActiveCfg = Debug|Any CPU
		{E34A0E61-F607-480A-AD12-C1E9D1F0E244}.Debug|Any CPU.Build.0 = Debug|Any CPU
		{E34A0E61-F607-480A-AD12-C1E9D1F0E244}.Release|Any CPU.ActiveCfg = Release|Any CPU
		{E34A0E61-F607-480A-AD12-C1E9D1F0E244}.Release|Any CPU.Build.0 = Release|Any CPU
	EndGlobalSection
	GlobalSection(SolutionProperties) = preSolution
		HideSolutionNode = FALSE
	EndGlobalSection
	GlobalSection(ExtensibilityGlobals) = postSolution
		SolutionGuid = {3FEE9441-3B14-4D41-98CB-65CF471793B4}
	EndGlobalSection
EndGlobal
